
Microsoft Visual Studio Solution File, Format Version 12.00
# Visual Studio Version 17
VisualStudioVersion = 17.6.33829.357
MinimumVisualStudioVersion = 10.0.40219.1
Project("{FAE04EC0-301F-11D3-BF4B-00C04F79EFBC}") = "HefestusApi", "HefestusApi.csproj", "{EEBEF984-4A86-4A0D-85DB-F1AB099A4A9F}"
EndProject
Global
	GlobalSection(SolutionConfigurationPlatforms) = preSolution
		Debug|Any CPU = Debug|Any CPU
		Release|Any CPU = Release|Any CPU
	EndGlobalSection
	GlobalSection(ProjectConfigurationPlatforms) = postSolution
		{EEBEF984-4A86-4A0D-85DB-F1AB099A4A9F}.Debug|Any CPU.ActiveCfg = Debug|Any CPU
		{EEBEF984-4A86-4A0D-85DB-F1AB099A4A9F}.Debug|Any CPU.Build.0 = Debug|Any CPU
		{EEBEF984-4A86-4A0D-85DB-F1AB099A4A9F}.Release|Any CPU.ActiveCfg = Release|Any CPU
		{EEBEF984-4A86-4A0D-85DB-F1AB099A4A9F}.Release|Any CPU.Build.0 = Release|Any CPU
	EndGlobalSection
	GlobalSection(SolutionProperties) = preSolution
		HideSolutionNode = FALSE
	EndGlobalSection
	GlobalSection(ExtensibilityGlobals) = postSolution
		SolutionGuid = {0C087846-7B10-4266-889A-09A98A345181}
	EndGlobalSection
EndGlobal
